
Microsoft Visual Studio Solution File, Format Version 12.00
# Visual Studio Version 17
VisualStudioVersion = 17.8.34525.116
MinimumVisualStudioVersion = 10.0.40219.1
Project("{FAE04EC0-301F-11D3-BF4B-00C04F79EFBC}") = "Final_Project", "Final_Project\Final_Project.csproj", "{E47A7021-7606-4E2D-A70E-58C3550BEAF0}"
EndProject
Global
	GlobalSection(SolutionConfigurationPlatforms) = preSolution
		Debug|Any CPU = Debug|Any CPU
		Release|Any CPU = Release|Any CPU
	EndGlobalSection
	GlobalSection(ProjectConfigurationPlatforms) = postSolution
		{E47A7021-7606-4E2D-A70E-58C3550BEAF0}.Debug|Any CPU.ActiveCfg = Debug|Any CPU
		{E47A7021-7606-4E2D-A70E-58C3550BEAF0}.Debug|Any CPU.Build.0 = Debug|Any CPU
		{E47A7021-7606-4E2D-A70E-58C3550BEAF0}.Release|Any CPU.ActiveCfg = Release|Any CPU
		{E47A7021-7606-4E2D-A70E-58C3550BEAF0}.Release|Any CPU.Build.0 = Release|Any CPU
	EndGlobalSection
	GlobalSection(SolutionProperties) = preSolution
		HideSolutionNode = FALSE
	EndGlobalSection
	GlobalSection(ExtensibilityGlobals) = postSolution
		SolutionGuid = {F894B394-48AB-449D-AA23-74B6424E7671}
	EndGlobalSection
EndGlobal
